
Microsoft Visual Studio Solution File, Format Version 12.00
# Visual Studio 15
VisualStudioVersion = 15.0.28010.2003
MinimumVisualStudioVersion = 10.0.40219.1
Project("{FAE04EC0-301F-11D3-BF4B-00C04F79EFBC}") = "DriverFileInstallApp", "DriverFileInstallApp\DriverFileInstallApp.csproj", "{64C69AA4-4928-4C04-B49E-CC6CA1497B53}"
EndProject
Project("{54435603-DBB4-11D2-8724-00A0C9A8B90C}") = "DriverInstallAppSetup", "DriverInstallAppSetup\DriverInstallAppSetup.vdproj", "{D0B170BF-D94D-4FCF-B6F5-98EEE924634F}"
EndProject
Global
	GlobalSection(SolutionConfigurationPlatforms) = preSolution
		Debug|Any CPU = Debug|Any CPU
		Release|Any CPU = Release|Any CPU
	EndGlobalSection
	GlobalSection(ProjectConfigurationPlatforms) = postSolution
		{64C69AA4-4928-4C04-B49E-CC6CA1497B53}.Debug|Any CPU.ActiveCfg = Debug|Any CPU
		{64C69AA4-4928-4C04-B49E-CC6CA1497B53}.Debug|Any CPU.Build.0 = Debug|Any CPU
		{64C69AA4-4928-4C04-B49E-CC6CA1497B53}.Release|Any CPU.ActiveCfg = Release|Any CPU
		{64C69AA4-4928-4C04-B49E-CC6CA1497B53}.Release|Any CPU.Build.0 = Release|Any CPU
		{D0B170BF-D94D-4FCF-B6F5-98EEE924634F}.Debug|Any CPU.ActiveCfg = Debug
		{D0B170BF-D94D-4FCF-B6F5-98EEE924634F}.Release|Any CPU.ActiveCfg = Release
	EndGlobalSection
	GlobalSection(SolutionProperties) = preSolution
		HideSolutionNode = FALSE
	EndGlobalSection
	GlobalSection(ExtensibilityGlobals) = postSolution
		SolutionGuid = {3AE04B7F-0090-4752-8194-6CCD488078A8}
	EndGlobalSection
EndGlobal
